
Microsoft Visual Studio Solution File, Format Version 12.00
# Visual Studio Version 17
VisualStudioVersion = 17.14.36414.22
MinimumVisualStudioVersion = 10.0.40219.1
Project("{FAE04EC0-301F-11D3-BF4B-00C04F79EFBC}") = "CFWeb", "CFWeb\CFWeb.csproj", "{878399A0-7008-4523-BB1D-BCB928AAFED8}"
EndProject
Project("{FAE04EC0-301F-11D3-BF4B-00C04F79EFBC}") = "CFDatabaseAccessLibrary", "CFDatabaseAccessLibrary\CFDatabaseAccessLibrary.csproj", "{4E881F2D-084D-459B-8CF4-5EEACD4FFC78}"
EndProject
Global
	GlobalSection(SolutionConfigurationPlatforms) = preSolution
		Debug|Any CPU = Debug|Any CPU
		Release|Any CPU = Release|Any CPU
	EndGlobalSection
	GlobalSection(ProjectConfigurationPlatforms) = postSolution
		{878399A0-7008-4523-BB1D-BCB928AAFED8}.Debug|Any CPU.ActiveCfg = Debug|Any CPU
		{878399A0-7008-4523-BB1D-BCB928AAFED8}.Debug|Any CPU.Build.0 = Debug|Any CPU
		{878399A0-7008-4523-BB1D-BCB928AAFED8}.Release|Any CPU.ActiveCfg = Release|Any CPU
		{878399A0-7008-4523-BB1D-BCB928AAFED8}.Release|Any CPU.Build.0 = Release|Any CPU
		{4E881F2D-084D-459B-8CF4-5EEACD4FFC78}.Debug|Any CPU.ActiveCfg = Debug|Any CPU
		{4E881F2D-084D-459B-8CF4-5EEACD4FFC78}.Debug|Any CPU.Build.0 = Debug|Any CPU
		{4E881F2D-084D-459B-8CF4-5EEACD4FFC78}.Release|Any CPU.ActiveCfg = Release|Any CPU
		{4E881F2D-084D-459B-8CF4-5EEACD4FFC78}.Release|Any CPU.Build.0 = Release|Any CPU
	EndGlobalSection
	GlobalSection(SolutionProperties) = preSolution
		HideSolutionNode = FALSE
	EndGlobalSection
	GlobalSection(ExtensibilityGlobals) = postSolution
		SolutionGuid = {0E4E7AE2-48AE-4A03-9181-B66D17E03889}
	EndGlobalSection
EndGlobal
